// !$*UTF8*$!
{
	archiveVersion = 1;
	classes = {
	};
	objectVersion = 46;
	objects = {

/* Begin PBXBuildFile section */
		2D65DFE31BD5DDB000B034D0 /* main.m in Sources */ = {isa = PBXBuildFile; fileRef = 2D65DFE21BD5DDB000B034D0 /* main.m */; };
		2D65DFE61BD5DDB000B034D0 /* AppDelegate.m in Sources */ = {isa = PBXBuildFile; fileRef = 2D65DFE51BD5DDB000B034D0 /* AppDelegate.m */; };
		2D65DFE91BD5DDB000B034D0 /* ViewController.m in Sources */ = {isa = PBXBuildFile; fileRef = 2D65DFE81BD5DDB000B034D0 /* ViewController.m */; };
		2D65DFEC1BD5DDB000B034D0 /* Main.storyboard in Resources */ = {isa = PBXBuildFile; fileRef = 2D65DFEA1BD5DDB000B034D0 /* Main.storyboard */; };
		2D65DFEE1BD5DDB000B034D0 /* Assets.xcassets in Resources */ = {isa = PBXBuildFile; fileRef = 2D65DFED1BD5DDB000B034D0 /* Assets.xcassets */; };
		2D65DFF11BD5DDB000B034D0 /* LaunchScreen.storyboard in Resources */ = {isa = PBXBuildFile; fileRef = 2D65DFEF1BD5DDB000B034D0 /* LaunchScreen.storyboard */; };
		2D65DFFC1BD5DDB000B034D0 /* YTKNetworkTestTests.m in Sources */ = {isa = PBXBuildFile; fileRef = 2D65DFFB1BD5DDB000B034D0 /* YTKNetworkTestTests.m */; };
		2D65E0071BD5DDB000B034D0 /* YTKNetworkTestUITests.m in Sources */ = {isa = PBXBuildFile; fileRef = 2D65E0061BD5DDB000B034D0 /* YTKNetworkTestUITests.m */; };
/* End PBXBuildFile section */

/* Begin PBXContainerItemProxy section */
		2D65DFF81BD5DDB000B034D0 /* PBXContainerItemProxy */ = {
			isa = PBXContainerItemProxy;
			containerPortal = 2D65DFD61BD5DDB000B034D0 /* Project object */;
			proxyType = 1;
			remoteGlobalIDString = 2D65DFDD1BD5DDB000B034D0;
			remoteInfo = YTKNetworkTest;
		};
		2D65E0031BD5DDB000B034D0 /* PBXContainerItemProxy */ = {
			isa = PBXContainerItemProxy;
			containerPortal = 2D65DFD61BD5DDB000B034D0 /* Project object */;
			proxyType = 1;
			remoteGlobalIDString = 2D65DFDD1BD5DDB000B034D0;
			remoteInfo = YTKNetworkTest;
		};
/* End PBXContainerItemProxy section */

/* Begin PBXFileReference section */
		2D65DFDE1BD5DDB000B034D0 /* YTKNetworkTest.app */ = {isa = PBXFileReference; explicitFileType = wrapper.application; includeInIndex = 0; path = YTKNetworkTest.app; sourceTree = BUILT_PRODUCTS_DIR; };
		2D65DFE21BD5DDB000B034D0 /* main.m */ = {isa = PBXFileReference; lastKnownFileType = sourcecode.c.objc; path = main.m; sourceTree = "<group>"; };
		2D65DFE41BD5DDB000B034D0 /* AppDelegate.h */ = {isa = PBXFileReference; lastKnownFileType = sourcecode.c.h; path = AppDelegate.h; sourceTree = "<group>"; };
		2D65DFE51BD5DDB000B034D0 /* AppDelegate.m */ = {isa = PBXFileReference; lastKnownFileType = sourcecode.c.objc; path = AppDelegate.m; sourceTree = "<group>"; };
		2D65DFE71BD5DDB000B034D0 /* ViewController.h */ = {isa = PBXFileReference; lastKnownFileType = sourcecode.c.h; path = ViewController.h; sourceTree = "<group>"; };
		2D65DFE81BD5DDB000B034D0 /* ViewController.m */ = {isa = PBXFileReference; lastKnownFileType = sourcecode.c.objc; path = ViewController.m; sourceTree = "<group>"; };
		2D65DFEB1BD5DDB000B034D0 /* Base */ = {isa = PBXFileReference; lastKnownFileType = file.storyboard; name = Base; path = Base.lproj/Main.storyboard; sourceTree = "<group>"; };
		2D65DFED1BD5DDB000B034D0 /* Assets.xcassets */ = {isa = PBXFileReference; lastKnownFileType = folder.assetcatalog; path = Assets.xcassets; sourceTree = "<group>"; };
		2D65DFF01BD5DDB000B034D0 /* Base */ = {isa = PBXFileReference; lastKnownFileType = file.storyboard; name = Base; path = Base.lproj/LaunchScreen.storyboard; sourceTree = "<group>"; };
		2D65DFF21BD5DDB000B034D0 /* Info.plist */ = {isa = PBXFileReference; lastKnownFileType = text.plist.xml; path = Info.plist; sourceTree = "<group>"; };
		2D65DFF71BD5DDB000B034D0 /* YTKNetworkTestTests.xctest */ = {isa = PBXFileReference; explicitFileType = wrapper.cfbundle; includeInIndex = 0; path = YTKNetworkTestTests.xctest; sourceTree = BUILT_PRODUCTS_DIR; };
		2D65DFFB1BD5DDB000B034D0 /* YTKNetworkTestTests.m */ = {isa = PBXFileReference; lastKnownFileType = sourcecode.c.objc; path = YTKNetworkTestTests.m; sourceTree = "<group>"; };
		2D65DFFD1BD5DDB000B034D0 /* Info.plist */ = {isa = PBXFileReference; lastKnownFileType = text.plist.xml; path = Info.plist; sourceTree = "<group>"; };
		2D65E0021BD5DDB000B034D0 /* YTKNetworkTestUITests.xctest */ = {isa = PBXFileReference; explicitFileType = wrapper.cfbundle; includeInIndex = 0; path = YTKNetworkTestUITests.xctest; sourceTree = BUILT_PRODUCTS_DIR; };
		2D65E0061BD5DDB000B034D0 /* YTKNetworkTestUITests.m */ = {isa = PBXFileReference; lastKnownFileType = sourcecode.c.objc; path = YTKNetworkTestUITests.m; sourceTree = "<group>"; };
		2D65E0081BD5DDB000B034D0 /* Info.plist */ = {isa = PBXFileReference; lastKnownFileType = text.plist.xml; path = Info.plist; sourceTree = "<group>"; };
/* End PBXFileReference section */

/* Begin PBXFrameworksBuildPhase section */
		2D65DFDB1BD5DDB000B034D0 /* Frameworks */ = {
			isa = PBXFrameworksBuildPhase;
			buildActionMask = 2147483647;
			files = (
			);
			runOnlyForDeploymentPostprocessing = 0;
		};
		2D65DFF41BD5DDB000B034D0 /* Frameworks */ = {
			isa = PBXFrameworksBuildPhase;
			buildActionMask = 2147483647;
			files = (
			);
			runOnlyForDeploymentPostprocessing = 0;
		};
		2D65DFFF1BD5DDB000B034D0 /* Frameworks */ = {
			isa = PBXFrameworksBuildPhase;
			buildActionMask = 2147483647;
			files = (
			);
			runOnlyForDeploymentPostprocessing = 0;
		};
/* End PBXFrameworksBuildPhase section */

/* Begin PBXGroup section */
		2D65DFD51BD5DDB000B034D0 = {
			isa = PBXGroup;
			children = (
				2D65DFE01BD5DDB000B034D0 /* YTKNetworkTest */,
				2D65DFFA1BD5DDB000B034D0 /* YTKNetworkTestTests */,
				2D65E0051BD5DDB000B034D0 /* YTKNetworkTestUITests */,
				2D65DFDF1BD5DDB000B034D0 /* Products */,
			);
			sourceTree = "<group>";
		};
		2D65DFDF1BD5DDB000B034D0 /* Products */ = {
			isa = PBXGroup;
			children = (
				2D65DFDE1BD5DDB000B034D0 /* YTKNetworkTest.app */,
				2D65DFF71BD5DDB000B034D0 /* YTKNetworkTestTests.xctest */,
				2D65E0021BD5DDB000B034D0 /* YTKNetworkTestUITests.xctest */,
			);
			name = Products;
			sourceTree = "<group>";
		};
		2D65DFE01BD5DDB000B034D0 /* YTKNetworkTest */ = {
			isa = PBXGroup;
			children = (
				2D65DFE41BD5DDB000B034D0 /* AppDelegate.h */,
				2D65DFE51BD5DDB000B034D0 /* AppDelegate.m */,
				2D65DFE71BD5DDB000B034D0 /* ViewController.h */,
				2D65DFE81BD5DDB000B034D0 /* ViewController.m */,
				2D65DFEA1BD5DDB000B034D0 /* Main.storyboard */,
				2D65DFED1BD5DDB000B034D0 /* Assets.xcassets */,
				2D65DFEF1BD5DDB000B034D0 /* LaunchScreen.storyboard */,
				2D65DFF21BD5DDB000B034D0 /* Info.plist */,
				2D65DFE11BD5DDB000B034D0 /* Supporting Files */,
			);
			path = YTKNetworkTest;
			sourceTree = "<group>";
		};
		2D65DFE11BD5DDB000B034D0 /* Supporting Files */ = {
			isa = PBXGroup;
			children = (
				2D65DFE21BD5DDB000B034D0 /* main.m */,
			);
			name = "Supporting Files";
			sourceTree = "<group>";
		};
		2D65DFFA1BD5DDB000B034D0 /* YTKNetworkTestTests */ = {
			isa = PBXGroup;
			children = (
				2D65DFFB1BD5DDB000B034D0 /* YTKNetworkTestTests.m */,
				2D65DFFD1BD5DDB000B034D0 /* Info.plist */,
			);
			path = YTKNetworkTestTests;
			sourceTree = "<group>";
		};
		2D65E0051BD5DDB000B034D0 /* YTKNetworkTestUITests */ = {
			isa = PBXGroup;
			children = (
				2D65E0061BD5DDB000B034D0 /* YTKNetworkTestUITests.m */,
				2D65E0081BD5DDB000B034D0 /* Info.plist */,
			);
			path = YTKNetworkTestUITests;
			sourceTree = "<group>";
		};
/* End PBXGroup section */

/* Begin PBXNativeTarget section */
		2D65DFDD1BD5DDB000B034D0 /* YTKNetworkTest */ = {
			isa = PBXNativeTarget;
			buildConfigurationList = 2D65E00B1BD5DDB000B034D0 /* Build configuration list for PBXNativeTarget "YTKNetworkTest" */;
			buildPhases = (
				2D65DFDA1BD5DDB000B034D0 /* Sources */,
				2D65DFDB1BD5DDB000B034D0 /* Frameworks */,
				2D65DFDC1BD5DDB000B034D0 /* Resources */,
			);
			buildRules = (
			);
			dependencies = (
			);
			name = YTKNetworkTest;
			productName = YTKNetworkTest;
			productReference = 2D65DFDE1BD5DDB000B034D0 /* YTKNetworkTest.app */;
			productType = "com.apple.product-type.application";
		};
		2D65DFF61BD5DDB000B034D0 /* YTKNetworkTestTests */ = {
			isa = PBXNativeTarget;
			buildConfigurationList = 2D65E00E1BD5DDB000B034D0 /* Build configuration list for PBXNativeTarget "YTKNetworkTestTests" */;
			buildPhases = (
				2D65DFF31BD5DDB000B034D0 /* Sources */,
				2D65DFF41BD5DDB000B034D0 /* Frameworks */,
				2D65DFF51BD5DDB000B034D0 /* Resources */,
			);
			buildRules = (
			);
			dependencies = (
				2D65DFF91BD5DDB000B034D0 /* PBXTargetDependency */,
			);
			name = YTKNetworkTestTests;
			productName = YTKNetworkTestTests;
			productReference = 2D65DFF71BD5DDB000B034D0 /* YTKNetworkTestTests.xctest */;
			productType = "com.apple.product-type.bundle.unit-test";
		};
		2D65E0011BD5DDB000B034D0 /* YTKNetworkTestUITests */ = {
			isa = PBXNativeTarget;
			buildConfigurationList = 2D65E0111BD5DDB000B034D0 /* Build configuration list for PBXNativeTarget "YTKNetworkTestUITests" */;
			buildPhases = (
				2D65DFFE1BD5DDB000B034D0 /* Sources */,
				2D65DFFF1BD5DDB000B034D0 /* Frameworks */,
				2D65E0001BD5DDB000B034D0 /* Resources */,
			);
			buildRules = (
			);
			dependencies = (
				2D65E0041BD5DDB000B034D0 /* PBXTargetDependency */,
			);
			name = YTKNetworkTestUITests;
			productName = YTKNetworkTestUITests;
			productReference = 2D65E0021BD5DDB000B034D0 /* YTKNetworkTestUITests.xctest */;
			productType = "com.apple.product-type.bundle.ui-testing";
		};
/* End PBXNativeTarget section */

/* Begin PBXProject section */
		2D65DFD61BD5DDB000B034D0 /* Project object */ = {
			isa = PBXProject;
			attributes = {
				LastUpgradeCheck = 0700;
				ORGANIZATIONNAME = yangyao;
				TargetAttributes = {
					2D65DFDD1BD5DDB000B034D0 = {
						CreatedOnToolsVersion = 7.0;
					};
					2D65DFF61BD5DDB000B034D0 = {
						CreatedOnToolsVersion = 7.0;
						TestTargetID = 2D65DFDD1BD5DDB000B034D0;
					};
					2D65E0011BD5DDB000B034D0 = {
						CreatedOnToolsVersion = 7.0;
						TestTargetID = 2D65DFDD1BD5DDB000B034D0;
					};
				};
			};
			buildConfigurationList = 2D65DFD91BD5DDB000B034D0 /* Build configuration list for PBXProject "YTKNetworkTest" */;
			compatibilityVersion = "Xcode 3.2";
			developmentRegion = English;
			hasScannedForEncodings = 0;
			knownRegions = (
				en,
				Base,
			);
			mainGroup = 2D65DFD51BD5DDB000B034D0;
			productRefGroup = 2D65DFDF1BD5DDB000B034D0 /* Products */;
			projectDirPath = "";
			projectRoot = "";
			targets = (
				2D65DFDD1BD5DDB000B034D0 /* YTKNetworkTest */,
				2D65DFF61BD5DDB000B034D0 /* YTKNetworkTestTests */,
				2D65E0011BD5DDB000B034D0 /* YTKNetworkTestUITests */,
			);
		};
/* End PBXProject section */

/* Begin PBXResourcesBuildPhase section */
		2D65DFDC1BD5DDB000B034D0 /* Resources */ = {
			isa = PBXResourcesBuildPhase;
			buildActionMask = 2147483647;
			files = (
				2D65DFF11BD5DDB000B034D0 /* LaunchScreen.storyboard in Resources */,
				2D65DFEE1BD5DDB000B034D0 /* Assets.xcassets in Resources */,
				2D65DFEC1BD5DDB000B034D0 /* Main.storyboard in Resources */,
			);
			runOnlyForDeploymentPostprocessing = 0;
		};
		2D65DFF51BD5DDB000B034D0 /* Resources */ = {
			isa = PBXResourcesBuildPhase;
			buildActionMask = 2147483647;
			files = (
			);
			runOnlyForDeploymentPostprocessing = 0;
		};
		2D65E0001BD5DDB000B034D0 /* Resources */ = {
			isa = PBXResourcesBuildPhase;
			buildActionMask = 2147483647;
			files = (
			);
			runOnlyForDeploymentPostprocessing = 0;
		};
/* End PBXResourcesBuildPhase section */

/* Begin PBXSourcesBuildPhase section */
		2D65DFDA1BD5DDB000B034D0 /* Sources */ = {
			isa = PBXSourcesBuildPhase;
			buildActionMask = 2147483647;
			files = (
				2D65DFE91BD5DDB000B034D0 /* ViewController.m in Sources */,
				2D65DFE61BD5DDB000B034D0 /* AppDelegate.m in Sources */,
				2D65DFE31BD5DDB000B034D0 /* main.m in Sources */,
			);
			runOnlyForDeploymentPostprocessing = 0;
		};
		2D65DFF31BD5DDB000B034D0 /* Sources */ = {
			isa = PBXSourcesBuildPhase;
			buildActionMask = 2147483647;
			files = (
				2D65DFFC1BD5DDB000B034D0 /* YTKNetworkTestTests.m in Sources */,
			);
			runOnlyForDeploymentPostprocessing = 0;
		};
		2D65DFFE1BD5DDB000B034D0 /* Sources */ = {
			isa = PBXSourcesBuildPhase;
			buildActionMask = 2147483647;
			files = (
				2D65E0071BD5DDB000B034D0 /* YTKNetworkTestUITests.m in Sources */,
			);
			runOnlyForDeploymentPostprocessing = 0;
		};
/* End PBXSourcesBuildPhase section */

/* Begin PBXTargetDependency section */
		2D65DFF91BD5DDB000B034D0 /* PBXTargetDependency */ = {
			isa = PBXTargetDependency;
			target = 2D65DFDD1BD5DDB000B034D0 /* YTKNetworkTest */;
			targetProxy = 2D65DFF81BD5DDB000B034D0 /* PBXContainerItemProxy */;
		};
		2D65E0041BD5DDB000B034D0 /* PBXTargetDependency */ = {
			isa = PBXTargetDependency;
			target = 2D65DFDD1BD5DDB000B034D0 /* YTKNetworkTest */;
			targetProxy = 2D65E0031BD5DDB000B034D0 /* PBXContainerItemProxy */;
		};
/* End PBXTargetDependency section */

/* Begin PBXVariantGroup section */
		2D65DFEA1BD5DDB000B034D0 /* Main.storyboard */ = {
			isa = PBXVariantGroup;
			children = (
				2D65DFEB1BD5DDB000B034D0 /* Base */,
			);
			name = Main.storyboard;
			sourceTree = "<group>";
		};
		2D65DFEF1BD5DDB000B034D0 /* LaunchScreen.storyboard */ = {
			isa = PBXVariantGroup;
			children = (
				2D65DFF01BD5DDB000B034D0 /* Base */,
			);
			name = LaunchScreen.storyboard;
			sourceTree = "<group>";
		};
/* End PBXVariantGroup section */

/* Begin XCBuildConfiguration section */
		2D65E0091BD5DDB000B034D0 /* Debug */ = {
			isa = XCBuildConfiguration;
			buildSettings = {
				ALWAYS_SEARCH_USER_PATHS = NO;
				CLANG_CXX_LANGUAGE_STANDARD = "gnu++0x";
				CLANG_CXX_LIBRARY = "libc++";
				CLANG_ENABLE_MODULES = YES;
				CLANG_ENABLE_OBJC_ARC = YES;
				CLANG_WARN_BOOL_CONVERSION = YES;
				CLANG_WARN_CONSTANT_CONVERSION = YES;
				CLANG_WARN_DIRECT_OBJC_ISA_USAGE = YES_ERROR;
				CLANG_WARN_EMPTY_BODY = YES;
				CLANG_WARN_ENUM_CONVERSION = YES;
				CLANG_WARN_INT_CONVERSION = YES;
				CLANG_WARN_OBJC_ROOT_CLASS = YES_ERROR;
				CLANG_WARN_UNREACHABLE_CODE = YES;
				CLANG_WARN__DUPLICATE_METHOD_MATCH = YES;
				"CODE_SIGN_IDENTITY[sdk=iphoneos*]" = "iPhone Developer";
				COPY_PHASE_STRIP = NO;
				DEBUG_INFORMATION_FORMAT = dwarf;
				ENABLE_STRICT_OBJC_MSGSEND = YES;
				ENABLE_TESTABILITY = YES;
				GCC_C_LANGUAGE_STANDARD = gnu99;
				GCC_DYNAMIC_NO_PIC = NO;
				GCC_NO_COMMON_BLOCKS = YES;
				GCC_OPTIMIZATION_LEVEL = 0;
				GCC_PREPROCESSOR_DEFINITIONS = (
					"DEBUG=1",
					"$(inherited)",
				);
				GCC_WARN_64_TO_32_BIT_CONVERSION = YES;
				GCC_WARN_ABOUT_RETURN_TYPE = YES_ERROR;
				GCC_WARN_UNDECLARED_SELECTOR = YES;
				GCC_WARN_UNINITIALIZED_AUTOS = YES_AGGRESSIVE;
				GCC_WARN_UNUSED_FUNCTION = YES;
				GCC_WARN_UNUSED_VARIABLE = YES;
				IPHONEOS_DEPLOYMENT_TARGET = 9.0;
				MTL_ENABLE_DEBUG_INFO = YES;
				ONLY_ACTIVE_ARCH = YES;
				SDKROOT = iphoneos;
			};
			name = Debug;
		};
		2D65E00A1BD5DDB000B034D0 /* Release */ = {
			isa = XCBuildConfiguration;
			buildSettings = {
				ALWAYS_SEARCH_USER_PATHS = NO;
				CLANG_CXX_LANGUAGE_STANDARD = "gnu++0x";
				CLANG_CXX_LIBRARY = "libc++";
				CLANG_ENABLE_MODULES = YES;
				CLANG_ENABLE_OBJC_ARC = YES;
				CLANG_WARN_BOOL_CONVERSION = YES;
				CLANG_WARN_CONSTANT_CONVERSION = YES;
				CLANG_WARN_DIRECT_OBJC_ISA_USAGE = YES_ERROR;
				CLANG_WARN_EMPTY_BODY = YES;
				CLANG_WARN_ENUM_CONVERSION = YES;
				CLANG_WARN_INT_CONVERSION = YES;
				CLANG_WARN_OBJC_ROOT_CLASS = YES_ERROR;
				CLANG_WARN_UNREACHABLE_CODE = YES;
				CLANG_WARN__DUPLICATE_METHOD_MATCH = YES;
				"CODE_SIGN_IDENTITY[sdk=iphoneos*]" = "iPhone Developer";
				COPY_PHASE_STRIP = NO;
				DEBUG_INFORMATION_FORMAT = "dwarf-with-dsym";
				ENABLE_NS_ASSERTIONS = NO;
				ENABLE_STRICT_OBJC_MSGSEND = YES;
				GCC_C_LANGUAGE_STANDARD = gnu99;
				GCC_NO_COMMON_BLOCKS = YES;
				GCC_WARN_64_TO_32_BIT_CONVERSION = YES;
				GCC_WARN_ABOUT_RETURN_TYPE = YES_ERROR;
				GCC_WARN_UNDECLARED_SELECTOR = YES;
				GCC_WARN_UNINITIALIZED_AUTOS = YES_AGGRESSIVE;
				GCC_WARN_UNUSED_FUNCTION = YES;
				GCC_WARN_UNUSED_VARIABLE = YES;
				IPHONEOS_DEPLOYMENT_TARGET = 9.0;
				MTL_ENABLE_DEBUG_INFO = NO;
				SDKROOT = iphoneos;
				VALIDATE_PRODUCT = YES;
			};
			name = Release;
		};
		2D65E00C1BD5DDB000B034D0 /* Debug */ = {
			isa = XCBuildConfiguration;
			buildSettings = {
				ASSETCATALOG_COMPILER_APPICON_NAME = AppIcon;
				INFOPLIST_FILE = YTKNetworkTest/Info.plist;
				LD_RUNPATH_SEARCH_PATHS = "$(inherited) @executable_path/Frameworks";
				PRODUCT_BUNDLE_IDENTIFIER = com.wdkj.YTKNetworkTest;
				PRODUCT_NAME = "$(TARGET_NAME)";
			};
			name = Debug;
		};
		2D65E00D1BD5DDB000B034D0 /* Release */ = {
			isa = XCBuildConfiguration;
			buildSettings = {
				ASSETCATALOG_COMPILER_APPICON_NAME = AppIcon;
				INFOPLIST_FILE = YTKNetworkTest/Info.plist;
				LD_RUNPATH_SEARCH_PATHS = "$(inherited) @executable_path/Frameworks";
				PRODUCT_BUNDLE_IDENTIFIER = com.wdkj.YTKNetworkTest;
				PRODUCT_NAME = "$(TARGET_NAME)";
			};
			name = Release;
		};
		2D65E00F1BD5DDB000B034D0 /* Debug */ = {
			isa = XCBuildConfiguration;
			buildSettings = {
				BUNDLE_LOADER = "$(TEST_HOST)";
				INFOPLIST_FILE = YTKNetworkTestTests/Info.plist;
				LD_RUNPATH_SEARCH_PATHS = "$(inherited) @executable_path/Frameworks @loader_path/Frameworks";
				PRODUCT_BUNDLE_IDENTIFIER = com.wdkj.YTKNetworkTestTests;
				PRODUCT_NAME = "$(TARGET_NAME)";
				TEST_HOST = "$(BUILT_PRODUCTS_DIR)/YTKNetworkTest.app/YTKNetworkTest";
			};
			name = Debug;
		};
		2D65E0101BD5DDB000B034D0 /* Release */ = {
			isa = XCBuildConfiguration;
			buildSettings = {
				BUNDLE_LOADER = "$(TEST_HOST)";
				INFOPLIST_FILE = YTKNetworkTestTests/Info.plist;
				LD_RUNPATH_SEARCH_PATHS = "$(inherited) @executable_path/Frameworks @loader_path/Frameworks";
				PRODUCT_BUNDLE_IDENTIFIER = com.wdkj.YTKNetworkTestTests;
				PRODUCT_NAME = "$(TARGET_NAME)";
				TEST_HOST = "$(BUILT_PRODUCTS_DIR)/YTKNetworkTest.app/YTKNetworkTest";
			};
			name = Release;
		};
		2D65E0121BD5DDB000B034D0 /* Debug */ = {
			isa = XCBuildConfiguration;
			buildSettings = {
				INFOPLIST_FILE = YTKNetworkTestUITests/Info.plist;
				LD_RUNPATH_SEARCH_PATHS = "$(inherited) @executable_path/Frameworks @loader_path/Frameworks";
				PRODUCT_BUNDLE_IDENTIFIER = com.wdkj.YTKNetworkTestUITests;
				PRODUCT_NAME = "$(TARGET_NAME)";
				TEST_TARGET_NAME = YTKNetworkTest;
				USES_XCTRUNNER = YES;
			};
			name = Debug;
		};
		2D65E0131BD5DDB000B034D0 /* Release */ = {
			isa = XCBuildConfiguration;
			buildSettings = {
				INFOPLIST_FILE = YTKNetworkTestUITests/Info.plist;
				LD_RUNPATH_SEARCH_PATHS = "$(inherited) @executable_path/Frameworks @loader_path/Frameworks";
				PRODUCT_BUNDLE_IDENTIFIER = com.wdkj.YTKNetworkTestUITests;
				PRODUCT_NAME = "$(TARGET_NAME)";
				TEST_TARGET_NAME = YTKNetworkTest;
				USES_XCTRUNNER = YES;
			};
			name = Release;
		};
/* End XCBuildConfiguration section */

/* Begin XCConfigurationList section */
		2D65DFD91BD5DDB000B034D0 /* Build configuration list for PBXProject "YTKNetworkTest" */ = {
			isa = XCConfigurationList;
			buildConfigurations = (
				2D65E0091BD5DDB000B034D0 /* Debug */,
				2D65E00A1BD5DDB000B034D0 /* Release */,
			);
			defaultConfigurationIsVisible = 0;
			defaultConfigurationName = Release;
		};
		2D65E00B1BD5DDB000B034D0 /* Build configuration list for PBXNativeTarget "YTKNetworkTest" */ = {
			isa = XCConfigurationList;
			buildConfigurations = (
				2D65E00C1BD5DDB000B034D0 /* Debug */,
				2D65E00D1BD5DDB000B034D0 /* Release */,
			);
			defaultConfigurationIsVisible = 0;
		};
		2D65E00E1BD5DDB000B034D0 /* Build configuration list for PBXNativeTarget "YTKNetworkTestTests" */ = {
			isa = XCConfigurationList;
			buildConfigurations = (
				2D65E00F1BD5DDB000B034D0 /* Debug */,
				2D65E0101BD5DDB000B034D0 /* Release */,
			);
			defaultConfigurationIsVisible = 0;
		};
		2D65E0111BD5DDB000B034D0 /* Build configuration list for PBXNativeTarget "YTKNetworkTestUITests" */ = {
			isa = XCConfigurationList;
			buildConfigurations = (
				2D65E0121BD5DDB000B034D0 /* Debug */,
				2D65E0131BD5DDB000B034D0 /* Release */,
			);
			defaultConfigurationIsVisible = 0;
		};
/* End XCConfigurationList section */
	};
	rootObject = 2D65DFD61BD5DDB000B034D0 /* Project object */;
}
